
Microsoft Visual Studio Solution File, Format Version 12.00
# Visual Studio Version 17
VisualStudioVersion = 17.5.002.0
MinimumVisualStudioVersion = 10.0.40219.1
Project("{2150E333-8FDC-42A3-9474-1A3956D46DE8}") = "src", "src", "{467F2C66-9C0B-4894-86AE-CE2ED9AC3BD9}"
EndProject
Project("{2150E333-8FDC-42A3-9474-1A3956D46DE8}") = "Bootstrap", "Bootstrap", "{ECA780A6-77E7-45B6-BA3B-71ECB7152049}"
EndProject
Project("{9A19103F-16F7-4668-BE54-9A1E7A4F7556}") = "Decidas.Api", "src\Bootstrap\Decidas.Api\Decidas.Api.csproj", "{6C13EBAF-61BE-4DFE-906C-8D7794A805FA}"
EndProject
Project("{9A19103F-16F7-4668-BE54-9A1E7A4F7556}") = "Decidas.Cli", "src\Bootstrap\Decidas.Cli\Decidas.Cli.csproj", "{4496994E-E6D3-449E-84D3-159E1172CF54}"
EndProject
Project("{9A19103F-16F7-4668-BE54-9A1E7A4F7556}") = "Decidas.Web", "src\Bootstrap\Decidas.Web\Decidas.Web.csproj", "{E0B6E131-2527-4B2F-9744-8124CC00D6D0}"
EndProject
Project("{9A19103F-16F7-4668-BE54-9A1E7A4F7556}") = "Decidas.Worker", "src\Bootstrap\Decidas.Worker\Decidas.Worker.csproj", "{3392D659-E598-4022-8BA8-5D203D332EBA}"
EndProject
Project("{2150E333-8FDC-42A3-9474-1A3956D46DE8}") = "Shared", "Shared", "{5106371B-DCE5-4107-A963-8A95E976959F}"
EndProject
Project("{9A19103F-16F7-4668-BE54-9A1E7A4F7556}") = "Decidas.Abstractions", "src\Shared\Decidas.Abstractions\Decidas.Abstractions.csproj", "{14673314-6C3F-4FDF-A26D-FAD4EC3A6A99}"
EndProject
Project("{9A19103F-16F7-4668-BE54-9A1E7A4F7556}") = "Decidas.Infrastructure", "src\Shared\Decidas.Infrastructure\Decidas.Infrastructure.csproj", "{28C639BE-9D4C-410F-B1DD-F7DF9C99DFA2}"
EndProject
Project("{9A19103F-16F7-4668-BE54-9A1E7A4F7556}") = "Decidas.Testing", "src\Shared\Decidas.Testing\Decidas.Testing.csproj", "{EBFC2EDE-AEE2-401A-A52A-62C624CC1186}"
EndProject
Project("{2150E333-8FDC-42A3-9474-1A3956D46DE8}") = "tests", "tests", "{3056D5C8-B3F8-47D3-A90A-803A2856FCF9}"
EndProject
Project("{2150E333-8FDC-42A3-9474-1A3956D46DE8}") = "Bootstrap", "Bootstrap", "{81B33750-53BF-453F-AA0B-5BFE1724912D}"
EndProject
Project("{9A19103F-16F7-4668-BE54-9A1E7A4F7556}") = "Decidas.Web.IntegrationTests", "tests\Bootstrap\Decidas.Web.IntegrationTests\Decidas.Web.IntegrationTests.csproj", "{1EA4639F-C0D2-4993-9196-00F8626A7CE4}"
EndProject
Project("{2150E333-8FDC-42A3-9474-1A3956D46DE8}") = "Shared", "Shared", "{A1B8778F-9268-4E05-9465-D02E9A298922}"
EndProject
Project("{9A19103F-16F7-4668-BE54-9A1E7A4F7556}") = "Decidas.Infrastructure.UnitTests", "tests\Shared\Decidas.Infrastructure.UnitTests\Decidas.Infrastructure.UnitTests.csproj", "{76AB2102-3B62-4AA3-A989-7E3CD3101E05}"
EndProject
Project("{2150E333-8FDC-42A3-9474-1A3956D46DE8}") = "Modules", "Modules", "{27A366DE-1E1A-44A5-B5A6-945DB8AA774A}"
EndProject
Project("{2150E333-8FDC-42A3-9474-1A3956D46DE8}") = "Groups", "Groups", "{D003F907-0EAD-438D-9FCE-BEE68498221C}"
EndProject
Project("{9A19103F-16F7-4668-BE54-9A1E7A4F7556}") = "Decidas.Groups.Api", "src\Modules\Groups\Decidas.Groups.Api\Decidas.Groups.Api.csproj", "{B79D5309-99B0-4AC5-B9F3-B2B11E2E8407}"
EndProject
Project("{9A19103F-16F7-4668-BE54-9A1E7A4F7556}") = "Decidas.Groups.Application", "src\Modules\Groups\Decidas.Groups.Application\Decidas.Groups.Application.csproj", "{0042FDB3-24DF-4B9C-A201-D6746C75B541}"
EndProject
Project("{9A19103F-16F7-4668-BE54-9A1E7A4F7556}") = "Decidas.Groups.Contracts", "src\Modules\Groups\Decidas.Groups.Contracts\Decidas.Groups.Contracts.csproj", "{7CC53AC8-8AC1-489F-B23C-C4EACC719AA3}"
EndProject
Project("{9A19103F-16F7-4668-BE54-9A1E7A4F7556}") = "Decidas.Groups.Domain", "src\Modules\Groups\Decidas.Groups.Domain\Decidas.Groups.Domain.csproj", "{91998798-149A-4695-ABA4-CEA588734874}"
EndProject
Project("{9A19103F-16F7-4668-BE54-9A1E7A4F7556}") = "Decidas.Groups.Infrastructure", "src\Modules\Groups\Decidas.Groups.Infrastructure\Decidas.Groups.Infrastructure.csproj", "{2B23728B-67D2-4D47-AA73-493FC79126D3}"
EndProject
Project("{9A19103F-16F7-4668-BE54-9A1E7A4F7556}") = "Decidas.Groups.Web", "src\Modules\Groups\Decidas.Groups.Web\Decidas.Groups.Web.csproj", "{DA707EA6-1AEA-4B77-87C4-9A8DF267CA15}"
EndProject
Project("{2150E333-8FDC-42A3-9474-1A3956D46DE8}") = "Modules", "Modules", "{DABA16F9-DEC1-4679-9B08-232A25D29740}"
EndProject
Project("{2150E333-8FDC-42A3-9474-1A3956D46DE8}") = "Groups", "Groups", "{F5AAE183-1D0E-49B0-9E40-35BC25F97AB9}"
EndProject
Project("{9A19103F-16F7-4668-BE54-9A1E7A4F7556}") = "Decidas.Groups.Web.IntegrationTests", "tests\Modules\Groups\Decidas.Groups.Web.IntegrationTests\Decidas.Groups.Web.IntegrationTests.csproj", "{5600B151-758B-4B00-BA02-4FB2C73CA732}"
EndProject
Global
	GlobalSection(SolutionConfigurationPlatforms) = preSolution
		Debug|Any CPU = Debug|Any CPU
		Release|Any CPU = Release|Any CPU
	EndGlobalSection
	GlobalSection(ProjectConfigurationPlatforms) = postSolution
		{6C13EBAF-61BE-4DFE-906C-8D7794A805FA}.Debug|Any CPU.ActiveCfg = Debug|Any CPU
		{6C13EBAF-61BE-4DFE-906C-8D7794A805FA}.Debug|Any CPU.Build.0 = Debug|Any CPU
		{6C13EBAF-61BE-4DFE-906C-8D7794A805FA}.Release|Any CPU.ActiveCfg = Release|Any CPU
		{6C13EBAF-61BE-4DFE-906C-8D7794A805FA}.Release|Any CPU.Build.0 = Release|Any CPU
		{4496994E-E6D3-449E-84D3-159E1172CF54}.Debug|Any CPU.ActiveCfg = Debug|Any CPU
		{4496994E-E6D3-449E-84D3-159E1172CF54}.Debug|Any CPU.Build.0 = Debug|Any CPU
		{4496994E-E6D3-449E-84D3-159E1172CF54}.Release|Any CPU.ActiveCfg = Release|Any CPU
		{4496994E-E6D3-449E-84D3-159E1172CF54}.Release|Any CPU.Build.0 = Release|Any CPU
		{E0B6E131-2527-4B2F-9744-8124CC00D6D0}.Debug|Any CPU.ActiveCfg = Debug|Any CPU
		{E0B6E131-2527-4B2F-9744-8124CC00D6D0}.Debug|Any CPU.Build.0 = Debug|Any CPU
		{E0B6E131-2527-4B2F-9744-8124CC00D6D0}.Release|Any CPU.ActiveCfg = Release|Any CPU
		{E0B6E131-2527-4B2F-9744-8124CC00D6D0}.Release|Any CPU.Build.0 = Release|Any CPU
		{3392D659-E598-4022-8BA8-5D203D332EBA}.Debug|Any CPU.ActiveCfg = Debug|Any CPU
		{3392D659-E598-4022-8BA8-5D203D332EBA}.Debug|Any CPU.Build.0 = Debug|Any CPU
		{3392D659-E598-4022-8BA8-5D203D332EBA}.Release|Any CPU.ActiveCfg = Release|Any CPU
		{3392D659-E598-4022-8BA8-5D203D332EBA}.Release|Any CPU.Build.0 = Release|Any CPU
		{14673314-6C3F-4FDF-A26D-FAD4EC3A6A99}.Debug|Any CPU.ActiveCfg = Debug|Any CPU
		{14673314-6C3F-4FDF-A26D-FAD4EC3A6A99}.Debug|Any CPU.Build.0 = Debug|Any CPU
		{14673314-6C3F-4FDF-A26D-FAD4EC3A6A99}.Release|Any CPU.ActiveCfg = Release|Any CPU
		{14673314-6C3F-4FDF-A26D-FAD4EC3A6A99}.Release|Any CPU.Build.0 = Release|Any CPU
		{28C639BE-9D4C-410F-B1DD-F7DF9C99DFA2}.Debug|Any CPU.ActiveCfg = Debug|Any CPU
		{28C639BE-9D4C-410F-B1DD-F7DF9C99DFA2}.Debug|Any CPU.Build.0 = Debug|Any CPU
		{28C639BE-9D4C-410F-B1DD-F7DF9C99DFA2}.Release|Any CPU.ActiveCfg = Release|Any CPU
		{28C639BE-9D4C-410F-B1DD-F7DF9C99DFA2}.Release|Any CPU.Build.0 = Release|Any CPU
		{EBFC2EDE-AEE2-401A-A52A-62C624CC1186}.Debug|Any CPU.ActiveCfg = Debug|Any CPU
		{EBFC2EDE-AEE2-401A-A52A-62C624CC1186}.Debug|Any CPU.Build.0 = Debug|Any CPU
		{EBFC2EDE-AEE2-401A-A52A-62C624CC1186}.Release|Any CPU.ActiveCfg = Release|Any CPU
		{EBFC2EDE-AEE2-401A-A52A-62C624CC1186}.Release|Any CPU.Build.0 = Release|Any CPU
		{1EA4639F-C0D2-4993-9196-00F8626A7CE4}.Debug|Any CPU.ActiveCfg = Debug|Any CPU
		{1EA4639F-C0D2-4993-9196-00F8626A7CE4}.Debug|Any CPU.Build.0 = Debug|Any CPU
		{1EA4639F-C0D2-4993-9196-00F8626A7CE4}.Release|Any CPU.ActiveCfg = Release|Any CPU
		{1EA4639F-C0D2-4993-9196-00F8626A7CE4}.Release|Any CPU.Build.0 = Release|Any CPU
		{76AB2102-3B62-4AA3-A989-7E3CD3101E05}.Debug|Any CPU.ActiveCfg = Debug|Any CPU
		{76AB2102-3B62-4AA3-A989-7E3CD3101E05}.Debug|Any CPU.Build.0 = Debug|Any CPU
		{76AB2102-3B62-4AA3-A989-7E3CD3101E05}.Release|Any CPU.ActiveCfg = Release|Any CPU
		{76AB2102-3B62-4AA3-A989-7E3CD3101E05}.Release|Any CPU.Build.0 = Release|Any CPU
		{B79D5309-99B0-4AC5-B9F3-B2B11E2E8407}.Debug|Any CPU.ActiveCfg = Debug|Any CPU
		{B79D5309-99B0-4AC5-B9F3-B2B11E2E8407}.Debug|Any CPU.Build.0 = Debug|Any CPU
		{B79D5309-99B0-4AC5-B9F3-B2B11E2E8407}.Release|Any CPU.ActiveCfg = Release|Any CPU
		{B79D5309-99B0-4AC5-B9F3-B2B11E2E8407}.Release|Any CPU.Build.0 = Release|Any CPU
		{0042FDB3-24DF-4B9C-A201-D6746C75B541}.Debug|Any CPU.ActiveCfg = Debug|Any CPU
		{0042FDB3-24DF-4B9C-A201-D6746C75B541}.Debug|Any CPU.Build.0 = Debug|Any CPU
		{0042FDB3-24DF-4B9C-A201-D6746C75B541}.Release|Any CPU.ActiveCfg = Release|Any CPU
		{0042FDB3-24DF-4B9C-A201-D6746C75B541}.Release|Any CPU.Build.0 = Release|Any CPU
		{7CC53AC8-8AC1-489F-B23C-C4EACC719AA3}.Debug|Any CPU.ActiveCfg = Debug|Any CPU
		{7CC53AC8-8AC1-489F-B23C-C4EACC719AA3}.Debug|Any CPU.Build.0 = Debug|Any CPU
		{7CC53AC8-8AC1-489F-B23C-C4EACC719AA3}.Release|Any CPU.ActiveCfg = Release|Any CPU
		{7CC53AC8-8AC1-489F-B23C-C4EACC719AA3}.Release|Any CPU.Build.0 = Release|Any CPU
		{91998798-149A-4695-ABA4-CEA588734874}.Debug|Any CPU.ActiveCfg = Debug|Any CPU
		{91998798-149A-4695-ABA4-CEA588734874}.Debug|Any CPU.Build.0 = Debug|Any CPU
		{91998798-149A-4695-ABA4-CEA588734874}.Release|Any CPU.ActiveCfg = Release|Any CPU
		{91998798-149A-4695-ABA4-CEA588734874}.Release|Any CPU.Build.0 = Release|Any CPU
		{2B23728B-67D2-4D47-AA73-493FC79126D3}.Debug|Any CPU.ActiveCfg = Debug|Any CPU
		{2B23728B-67D2-4D47-AA73-493FC79126D3}.Debug|Any CPU.Build.0 = Debug|Any CPU
		{2B23728B-67D2-4D47-AA73-493FC79126D3}.Release|Any CPU.ActiveCfg = Release|Any CPU
		{2B23728B-67D2-4D47-AA73-493FC79126D3}.Release|Any CPU.Build.0 = Release|Any CPU
		{DA707EA6-1AEA-4B77-87C4-9A8DF267CA15}.Debug|Any CPU.ActiveCfg = Debug|Any CPU
		{DA707EA6-1AEA-4B77-87C4-9A8DF267CA15}.Debug|Any CPU.Build.0 = Debug|Any CPU
		{DA707EA6-1AEA-4B77-87C4-9A8DF267CA15}.Release|Any CPU.ActiveCfg = Release|Any CPU
		{DA707EA6-1AEA-4B77-87C4-9A8DF267CA15}.Release|Any CPU.Build.0 = Release|Any CPU
		{5600B151-758B-4B00-BA02-4FB2C73CA732}.Debug|Any CPU.ActiveCfg = Debug|Any CPU
		{5600B151-758B-4B00-BA02-4FB2C73CA732}.Debug|Any CPU.Build.0 = Debug|Any CPU
		{5600B151-758B-4B00-BA02-4FB2C73CA732}.Release|Any CPU.ActiveCfg = Release|Any CPU
		{5600B151-758B-4B00-BA02-4FB2C73CA732}.Release|Any CPU.Build.0 = Release|Any CPU
	EndGlobalSection
	GlobalSection(SolutionProperties) = preSolution
		HideSolutionNode = FALSE
	EndGlobalSection
	GlobalSection(NestedProjects) = preSolution
		{ECA780A6-77E7-45B6-BA3B-71ECB7152049} = {467F2C66-9C0B-4894-86AE-CE2ED9AC3BD9}
		{6C13EBAF-61BE-4DFE-906C-8D7794A805FA} = {ECA780A6-77E7-45B6-BA3B-71ECB7152049}
		{4496994E-E6D3-449E-84D3-159E1172CF54} = {ECA780A6-77E7-45B6-BA3B-71ECB7152049}
		{E0B6E131-2527-4B2F-9744-8124CC00D6D0} = {ECA780A6-77E7-45B6-BA3B-71ECB7152049}
		{3392D659-E598-4022-8BA8-5D203D332EBA} = {ECA780A6-77E7-45B6-BA3B-71ECB7152049}
		{5106371B-DCE5-4107-A963-8A95E976959F} = {467F2C66-9C0B-4894-86AE-CE2ED9AC3BD9}
		{14673314-6C3F-4FDF-A26D-FAD4EC3A6A99} = {5106371B-DCE5-4107-A963-8A95E976959F}
		{28C639BE-9D4C-410F-B1DD-F7DF9C99DFA2} = {5106371B-DCE5-4107-A963-8A95E976959F}
		{EBFC2EDE-AEE2-401A-A52A-62C624CC1186} = {5106371B-DCE5-4107-A963-8A95E976959F}
		{81B33750-53BF-453F-AA0B-5BFE1724912D} = {3056D5C8-B3F8-47D3-A90A-803A2856FCF9}
		{1EA4639F-C0D2-4993-9196-00F8626A7CE4} = {81B33750-53BF-453F-AA0B-5BFE1724912D}
		{A1B8778F-9268-4E05-9465-D02E9A298922} = {3056D5C8-B3F8-47D3-A90A-803A2856FCF9}
		{76AB2102-3B62-4AA3-A989-7E3CD3101E05} = {A1B8778F-9268-4E05-9465-D02E9A298922}
		{27A366DE-1E1A-44A5-B5A6-945DB8AA774A} = {467F2C66-9C0B-4894-86AE-CE2ED9AC3BD9}
		{D003F907-0EAD-438D-9FCE-BEE68498221C} = {27A366DE-1E1A-44A5-B5A6-945DB8AA774A}
		{B79D5309-99B0-4AC5-B9F3-B2B11E2E8407} = {D003F907-0EAD-438D-9FCE-BEE68498221C}
		{0042FDB3-24DF-4B9C-A201-D6746C75B541} = {D003F907-0EAD-438D-9FCE-BEE68498221C}
		{7CC53AC8-8AC1-489F-B23C-C4EACC719AA3} = {D003F907-0EAD-438D-9FCE-BEE68498221C}
		{91998798-149A-4695-ABA4-CEA588734874} = {D003F907-0EAD-438D-9FCE-BEE68498221C}
		{2B23728B-67D2-4D47-AA73-493FC79126D3} = {D003F907-0EAD-438D-9FCE-BEE68498221C}
		{DA707EA6-1AEA-4B77-87C4-9A8DF267CA15} = {D003F907-0EAD-438D-9FCE-BEE68498221C}
		{DABA16F9-DEC1-4679-9B08-232A25D29740} = {3056D5C8-B3F8-47D3-A90A-803A2856FCF9}
		{F5AAE183-1D0E-49B0-9E40-35BC25F97AB9} = {DABA16F9-DEC1-4679-9B08-232A25D29740}
		{5600B151-758B-4B00-BA02-4FB2C73CA732} = {F5AAE183-1D0E-49B0-9E40-35BC25F97AB9}
	EndGlobalSection
	GlobalSection(ExtensibilityGlobals) = postSolution
		SolutionGuid = {F365E298-5D4B-4DBA-A347-8C5329208EDC}
	EndGlobalSection
EndGlobal
