
Microsoft Visual Studio Solution File, Format Version 12.00
# Visual Studio Version 17
VisualStudioVersion = 17.5.002.0
MinimumVisualStudioVersion = 10.0.40219.1
Project("{2150E333-8FDC-42A3-9474-1A3956D46DE8}") = "src", "src", "{FB6392A6-2673-46B8-9F97-A4809EDAD42C}"
EndProject
Project("{2150E333-8FDC-42A3-9474-1A3956D46DE8}") = "Bootstrap", "Bootstrap", "{B9AB614B-907B-4178-AD69-D432CC77910B}"
EndProject
Project("{9A19103F-16F7-4668-BE54-9A1E7A4F7556}") = "Decidas.Api", "src\Bootstrap\Decidas.Api\Decidas.Api.csproj", "{5FA0E70B-5B36-45AA-A17F-F3F374237EFF}"
EndProject
Project("{9A19103F-16F7-4668-BE54-9A1E7A4F7556}") = "Decidas.Console", "src\Bootstrap\Decidas.Console\Decidas.Console.csproj", "{9C8BFF74-9BEE-409E-81BF-BCA29372FAC3}"
EndProject
Project("{9A19103F-16F7-4668-BE54-9A1E7A4F7556}") = "Decidas.Web", "src\Bootstrap\Decidas.Web\Decidas.Web.csproj", "{4D1347EB-82F4-4F3E-9C84-254AEA594613}"
EndProject
Project("{9A19103F-16F7-4668-BE54-9A1E7A4F7556}") = "Decidas.Worker", "src\Bootstrap\Decidas.Worker\Decidas.Worker.csproj", "{35B971CE-E89F-4771-A578-91DBE2533913}"
EndProject
Project("{2150E333-8FDC-42A3-9474-1A3956D46DE8}") = "Shared", "Shared", "{1C8D15FF-60B7-416D-BD32-D01C7873A8C2}"
EndProject
Project("{9A19103F-16F7-4668-BE54-9A1E7A4F7556}") = "Decidas.Abstractions", "src\Shared\Decidas.Abstractions\Decidas.Abstractions.csproj", "{518F9AA3-3319-466A-BC0A-8710B5574EDA}"
EndProject
Project("{9A19103F-16F7-4668-BE54-9A1E7A4F7556}") = "Decidas.Infrastructure", "src\Shared\Decidas.Infrastructure\Decidas.Infrastructure.csproj", "{E3CF4FC5-16B1-49E3-9525-2F696FC3C62C}"
EndProject
Project("{9A19103F-16F7-4668-BE54-9A1E7A4F7556}") = "Decidas.Testing", "src\Shared\Decidas.Testing\Decidas.Testing.csproj", "{32B75338-A181-4C3F-BA51-C118382E29A5}"
EndProject
Project("{2150E333-8FDC-42A3-9474-1A3956D46DE8}") = "tests", "tests", "{9F5DB5D7-22E9-4673-8A24-9150DCD25D2D}"
EndProject
Project("{2150E333-8FDC-42A3-9474-1A3956D46DE8}") = "Bootstrap", "Bootstrap", "{B3905A98-21E7-4D4F-84B8-0F60F97F0E92}"
EndProject
Project("{9A19103F-16F7-4668-BE54-9A1E7A4F7556}") = "Decidas.Web.IntegrationTests", "tests\Bootstrap\Decidas.Web.IntegrationTests\Decidas.Web.IntegrationTests.csproj", "{6F5584C6-BDEF-4A98-941C-FE3CF1D50065}"
EndProject
Project("{2150E333-8FDC-42A3-9474-1A3956D46DE8}") = "Shared", "Shared", "{1D8F5107-ED82-4F3A-B5AE-8D84FDEB8561}"
EndProject
Project("{9A19103F-16F7-4668-BE54-9A1E7A4F7556}") = "Decidas.Infrastructure.UnitTests", "tests\Shared\Decidas.Infrastructure.UnitTests\Decidas.Infrastructure.UnitTests.csproj", "{2295E094-72A6-4C6D-BBB9-9C15F8F35D36}"
EndProject
Project("{2150E333-8FDC-42A3-9474-1A3956D46DE8}") = "Modules", "Modules", "{B619ADD2-97CA-4F01-B34C-E9B0FB598986}"
EndProject
Project("{2150E333-8FDC-42A3-9474-1A3956D46DE8}") = "Groups", "Groups", "{B0213122-C2E0-4ECF-B748-4DC975C57BFA}"
EndProject
Project("{9A19103F-16F7-4668-BE54-9A1E7A4F7556}") = "Decidas.Groups.Web", "src\Modules\Groups\Decidal.Groups.Web\Decidas.Groups.Web.csproj", "{273E7EAB-E3A2-4A78-9394-9FC67E04E729}"
EndProject
Project("{2150E333-8FDC-42A3-9474-1A3956D46DE8}") = "Modules", "Modules", "{2E0D18BA-7027-4900-B58F-54B80A718E3F}"
EndProject
Project("{2150E333-8FDC-42A3-9474-1A3956D46DE8}") = "Groups", "Groups", "{2925707C-7B02-4D16-9F96-901F62A1C33F}"
EndProject
Project("{9A19103F-16F7-4668-BE54-9A1E7A4F7556}") = "Decidas.Groups.Web.IntegrationTests", "tests\Modules\Groups\Decidas.Groups.Web.IntegrationTests\Decidas.Groups.Web.IntegrationTests.csproj", "{3E4A88BA-5502-4A17-8E22-CAF34694292E}"
EndProject
Global
	GlobalSection(SolutionConfigurationPlatforms) = preSolution
		Debug|Any CPU = Debug|Any CPU
		Release|Any CPU = Release|Any CPU
	EndGlobalSection
	GlobalSection(ProjectConfigurationPlatforms) = postSolution
		{5FA0E70B-5B36-45AA-A17F-F3F374237EFF}.Debug|Any CPU.ActiveCfg = Debug|Any CPU
		{5FA0E70B-5B36-45AA-A17F-F3F374237EFF}.Debug|Any CPU.Build.0 = Debug|Any CPU
		{5FA0E70B-5B36-45AA-A17F-F3F374237EFF}.Release|Any CPU.ActiveCfg = Release|Any CPU
		{5FA0E70B-5B36-45AA-A17F-F3F374237EFF}.Release|Any CPU.Build.0 = Release|Any CPU
		{9C8BFF74-9BEE-409E-81BF-BCA29372FAC3}.Debug|Any CPU.ActiveCfg = Debug|Any CPU
		{9C8BFF74-9BEE-409E-81BF-BCA29372FAC3}.Debug|Any CPU.Build.0 = Debug|Any CPU
		{9C8BFF74-9BEE-409E-81BF-BCA29372FAC3}.Release|Any CPU.ActiveCfg = Release|Any CPU
		{9C8BFF74-9BEE-409E-81BF-BCA29372FAC3}.Release|Any CPU.Build.0 = Release|Any CPU
		{4D1347EB-82F4-4F3E-9C84-254AEA594613}.Debug|Any CPU.ActiveCfg = Debug|Any CPU
		{4D1347EB-82F4-4F3E-9C84-254AEA594613}.Debug|Any CPU.Build.0 = Debug|Any CPU
		{4D1347EB-82F4-4F3E-9C84-254AEA594613}.Release|Any CPU.ActiveCfg = Release|Any CPU
		{4D1347EB-82F4-4F3E-9C84-254AEA594613}.Release|Any CPU.Build.0 = Release|Any CPU
		{35B971CE-E89F-4771-A578-91DBE2533913}.Debug|Any CPU.ActiveCfg = Debug|Any CPU
		{35B971CE-E89F-4771-A578-91DBE2533913}.Debug|Any CPU.Build.0 = Debug|Any CPU
		{35B971CE-E89F-4771-A578-91DBE2533913}.Release|Any CPU.ActiveCfg = Release|Any CPU
		{35B971CE-E89F-4771-A578-91DBE2533913}.Release|Any CPU.Build.0 = Release|Any CPU
		{518F9AA3-3319-466A-BC0A-8710B5574EDA}.Debug|Any CPU.ActiveCfg = Debug|Any CPU
		{518F9AA3-3319-466A-BC0A-8710B5574EDA}.Debug|Any CPU.Build.0 = Debug|Any CPU
		{518F9AA3-3319-466A-BC0A-8710B5574EDA}.Release|Any CPU.ActiveCfg = Release|Any CPU
		{518F9AA3-3319-466A-BC0A-8710B5574EDA}.Release|Any CPU.Build.0 = Release|Any CPU
		{E3CF4FC5-16B1-49E3-9525-2F696FC3C62C}.Debug|Any CPU.ActiveCfg = Debug|Any CPU
		{E3CF4FC5-16B1-49E3-9525-2F696FC3C62C}.Debug|Any CPU.Build.0 = Debug|Any CPU
		{E3CF4FC5-16B1-49E3-9525-2F696FC3C62C}.Release|Any CPU.ActiveCfg = Release|Any CPU
		{E3CF4FC5-16B1-49E3-9525-2F696FC3C62C}.Release|Any CPU.Build.0 = Release|Any CPU
		{32B75338-A181-4C3F-BA51-C118382E29A5}.Debug|Any CPU.ActiveCfg = Debug|Any CPU
		{32B75338-A181-4C3F-BA51-C118382E29A5}.Debug|Any CPU.Build.0 = Debug|Any CPU
		{32B75338-A181-4C3F-BA51-C118382E29A5}.Release|Any CPU.ActiveCfg = Release|Any CPU
		{32B75338-A181-4C3F-BA51-C118382E29A5}.Release|Any CPU.Build.0 = Release|Any CPU
		{6F5584C6-BDEF-4A98-941C-FE3CF1D50065}.Debug|Any CPU.ActiveCfg = Debug|Any CPU
		{6F5584C6-BDEF-4A98-941C-FE3CF1D50065}.Debug|Any CPU.Build.0 = Debug|Any CPU
		{6F5584C6-BDEF-4A98-941C-FE3CF1D50065}.Release|Any CPU.ActiveCfg = Release|Any CPU
		{6F5584C6-BDEF-4A98-941C-FE3CF1D50065}.Release|Any CPU.Build.0 = Release|Any CPU
		{2295E094-72A6-4C6D-BBB9-9C15F8F35D36}.Debug|Any CPU.ActiveCfg = Debug|Any CPU
		{2295E094-72A6-4C6D-BBB9-9C15F8F35D36}.Debug|Any CPU.Build.0 = Debug|Any CPU
		{2295E094-72A6-4C6D-BBB9-9C15F8F35D36}.Release|Any CPU.ActiveCfg = Release|Any CPU
		{2295E094-72A6-4C6D-BBB9-9C15F8F35D36}.Release|Any CPU.Build.0 = Release|Any CPU
		{273E7EAB-E3A2-4A78-9394-9FC67E04E729}.Debug|Any CPU.ActiveCfg = Debug|Any CPU
		{273E7EAB-E3A2-4A78-9394-9FC67E04E729}.Debug|Any CPU.Build.0 = Debug|Any CPU
		{273E7EAB-E3A2-4A78-9394-9FC67E04E729}.Release|Any CPU.ActiveCfg = Release|Any CPU
		{273E7EAB-E3A2-4A78-9394-9FC67E04E729}.Release|Any CPU.Build.0 = Release|Any CPU
		{3E4A88BA-5502-4A17-8E22-CAF34694292E}.Debug|Any CPU.ActiveCfg = Debug|Any CPU
		{3E4A88BA-5502-4A17-8E22-CAF34694292E}.Debug|Any CPU.Build.0 = Debug|Any CPU
		{3E4A88BA-5502-4A17-8E22-CAF34694292E}.Release|Any CPU.ActiveCfg = Release|Any CPU
		{3E4A88BA-5502-4A17-8E22-CAF34694292E}.Release|Any CPU.Build.0 = Release|Any CPU
	EndGlobalSection
	GlobalSection(SolutionProperties) = preSolution
		HideSolutionNode = FALSE
	EndGlobalSection
	GlobalSection(NestedProjects) = preSolution
		{B9AB614B-907B-4178-AD69-D432CC77910B} = {FB6392A6-2673-46B8-9F97-A4809EDAD42C}
		{5FA0E70B-5B36-45AA-A17F-F3F374237EFF} = {B9AB614B-907B-4178-AD69-D432CC77910B}
		{9C8BFF74-9BEE-409E-81BF-BCA29372FAC3} = {B9AB614B-907B-4178-AD69-D432CC77910B}
		{4D1347EB-82F4-4F3E-9C84-254AEA594613} = {B9AB614B-907B-4178-AD69-D432CC77910B}
		{35B971CE-E89F-4771-A578-91DBE2533913} = {B9AB614B-907B-4178-AD69-D432CC77910B}
		{1C8D15FF-60B7-416D-BD32-D01C7873A8C2} = {FB6392A6-2673-46B8-9F97-A4809EDAD42C}
		{518F9AA3-3319-466A-BC0A-8710B5574EDA} = {1C8D15FF-60B7-416D-BD32-D01C7873A8C2}
		{E3CF4FC5-16B1-49E3-9525-2F696FC3C62C} = {1C8D15FF-60B7-416D-BD32-D01C7873A8C2}
		{32B75338-A181-4C3F-BA51-C118382E29A5} = {1C8D15FF-60B7-416D-BD32-D01C7873A8C2}
		{B3905A98-21E7-4D4F-84B8-0F60F97F0E92} = {9F5DB5D7-22E9-4673-8A24-9150DCD25D2D}
		{6F5584C6-BDEF-4A98-941C-FE3CF1D50065} = {B3905A98-21E7-4D4F-84B8-0F60F97F0E92}
		{1D8F5107-ED82-4F3A-B5AE-8D84FDEB8561} = {9F5DB5D7-22E9-4673-8A24-9150DCD25D2D}
		{2295E094-72A6-4C6D-BBB9-9C15F8F35D36} = {1D8F5107-ED82-4F3A-B5AE-8D84FDEB8561}
		{B619ADD2-97CA-4F01-B34C-E9B0FB598986} = {FB6392A6-2673-46B8-9F97-A4809EDAD42C}
		{B0213122-C2E0-4ECF-B748-4DC975C57BFA} = {B619ADD2-97CA-4F01-B34C-E9B0FB598986}
		{273E7EAB-E3A2-4A78-9394-9FC67E04E729} = {B0213122-C2E0-4ECF-B748-4DC975C57BFA}
		{2E0D18BA-7027-4900-B58F-54B80A718E3F} = {9F5DB5D7-22E9-4673-8A24-9150DCD25D2D}
		{2925707C-7B02-4D16-9F96-901F62A1C33F} = {2E0D18BA-7027-4900-B58F-54B80A718E3F}
		{3E4A88BA-5502-4A17-8E22-CAF34694292E} = {2925707C-7B02-4D16-9F96-901F62A1C33F}
	EndGlobalSection
	GlobalSection(ExtensibilityGlobals) = postSolution
		SolutionGuid = {69FBDA74-A189-44B4-8E44-A8D2F840187A}
	EndGlobalSection
EndGlobal
