
Microsoft Visual Studio Solution File, Format Version 12.00
# Visual Studio Version 17
VisualStudioVersion = 17.5.002.0
MinimumVisualStudioVersion = 10.0.40219.1
Project("{2150E333-8FDC-42A3-9474-1A3956D46DE8}") = "src", "src", "{F169A94F-3E7D-4D27-AD2A-53AE9F65F4A2}"
EndProject
Project("{2150E333-8FDC-42A3-9474-1A3956D46DE8}") = "Bootstrap", "Bootstrap", "{417EA5FB-F640-4DC6-AE5F-D9DE598DE3BC}"
EndProject
Project("{9A19103F-16F7-4668-BE54-9A1E7A4F7556}") = "Decidas.Api", "src\Bootstrap\Decidas.Api\Decidas.Api.csproj", "{AE39AE15-7647-4C58-B97C-6CCE8E8A6DB5}"
EndProject
Project("{9A19103F-16F7-4668-BE54-9A1E7A4F7556}") = "Decidas.Cli", "src\Bootstrap\Decidas.Cli\Decidas.Cli.csproj", "{423942EC-FA62-46FD-A20A-A7375DAC1E3C}"
EndProject
Project("{9A19103F-16F7-4668-BE54-9A1E7A4F7556}") = "Decidas.Web", "src\Bootstrap\Decidas.Web\Decidas.Web.csproj", "{D97FA8C4-F271-4F61-829D-FA7E6E917307}"
EndProject
Project("{9A19103F-16F7-4668-BE54-9A1E7A4F7556}") = "Decidas.Worker", "src\Bootstrap\Decidas.Worker\Decidas.Worker.csproj", "{DD0DCB6E-E049-4B7A-AD36-12B6D3EFD4F1}"
EndProject
Project("{2150E333-8FDC-42A3-9474-1A3956D46DE8}") = "Shared", "Shared", "{D6E3D1E2-1662-4075-B91D-610A06C979F4}"
EndProject
Project("{9A19103F-16F7-4668-BE54-9A1E7A4F7556}") = "Decidas.Abstractions", "src\Shared\Decidas.Abstractions\Decidas.Abstractions.csproj", "{564C3C24-7339-469E-8876-FE7E00F022BD}"
EndProject
Project("{9A19103F-16F7-4668-BE54-9A1E7A4F7556}") = "Decidas.Infrastructure", "src\Shared\Decidas.Infrastructure\Decidas.Infrastructure.csproj", "{285AC0DE-8578-4D54-8C6C-D047EEC93B1C}"
EndProject
Project("{9A19103F-16F7-4668-BE54-9A1E7A4F7556}") = "Decidas.Testing", "src\Shared\Decidas.Testing\Decidas.Testing.csproj", "{0D6B3DF6-3A72-46DD-9960-17C38F8B1EDC}"
EndProject
Project("{2150E333-8FDC-42A3-9474-1A3956D46DE8}") = "tests", "tests", "{ED594647-EC0D-4271-AFB5-7B61E361A37D}"
EndProject
Project("{2150E333-8FDC-42A3-9474-1A3956D46DE8}") = "Bootstrap", "Bootstrap", "{1BB057A1-A7A6-4772-A0E2-B13C8F1FB739}"
EndProject
Project("{9A19103F-16F7-4668-BE54-9A1E7A4F7556}") = "Decidas.Web.IntegrationTests", "tests\Bootstrap\Decidas.Web.IntegrationTests\Decidas.Web.IntegrationTests.csproj", "{14F9328A-F570-436A-A008-5BC35E4C3ED7}"
EndProject
Project("{2150E333-8FDC-42A3-9474-1A3956D46DE8}") = "Shared", "Shared", "{BC20ABA8-3901-414C-999B-38337D481EAA}"
EndProject
Project("{9A19103F-16F7-4668-BE54-9A1E7A4F7556}") = "Decidas.Infrastructure.UnitTests", "tests\Shared\Decidas.Infrastructure.UnitTests\Decidas.Infrastructure.UnitTests.csproj", "{7227C720-9357-43CB-9AEF-E841380CFD05}"
EndProject
Project("{2150E333-8FDC-42A3-9474-1A3956D46DE8}") = "Modules", "Modules", "{A0022DF2-200C-40AC-8BE0-6CB705884FB9}"
EndProject
Project("{2150E333-8FDC-42A3-9474-1A3956D46DE8}") = "Groups", "Groups", "{D84D76B6-F416-44F8-849B-7747FAEEEDC3}"
EndProject
Project("{9A19103F-16F7-4668-BE54-9A1E7A4F7556}") = "Decidas.Groups.Api", "src\Modules\Groups\Decidas.Groups.Api\Decidas.Groups.Api.csproj", "{D9002A09-9DA7-426D-A3D0-93BF8B710C83}"
EndProject
Project("{9A19103F-16F7-4668-BE54-9A1E7A4F7556}") = "Decidas.Groups.Application", "src\Modules\Groups\Decidas.Groups.Application\Decidas.Groups.Application.csproj", "{B49939B7-727C-4F84-BF1E-8B1458260462}"
EndProject
Project("{9A19103F-16F7-4668-BE54-9A1E7A4F7556}") = "Decidas.Groups.Contracts", "src\Modules\Groups\Decidas.Groups.Contracts\Decidas.Groups.Contracts.csproj", "{ACC8E40A-85B9-4256-A8D1-4AC5F81CED1C}"
EndProject
Project("{9A19103F-16F7-4668-BE54-9A1E7A4F7556}") = "Decidas.Groups.Domain", "src\Modules\Groups\Decidas.Groups.Domain\Decidas.Groups.Domain.csproj", "{D2FD1948-76B5-45B7-816B-77660B34B748}"
EndProject
Project("{9A19103F-16F7-4668-BE54-9A1E7A4F7556}") = "Decidas.Groups.Infrastructure", "src\Modules\Groups\Decidas.Groups.Infrastructure\Decidas.Groups.Infrastructure.csproj", "{0088A9E9-A7C9-4E3A-B95C-60EBCA64974F}"
EndProject
Project("{9A19103F-16F7-4668-BE54-9A1E7A4F7556}") = "Decidas.Groups.Web", "src\Modules\Groups\Decidas.Groups.Web\Decidas.Groups.Web.csproj", "{9E15EDA6-AD83-49AC-9400-534E86CE1E72}"
EndProject
Project("{2150E333-8FDC-42A3-9474-1A3956D46DE8}") = "Modules", "Modules", "{9777972F-84BB-43EB-AF99-489AB00F82B8}"
EndProject
Project("{2150E333-8FDC-42A3-9474-1A3956D46DE8}") = "Groups", "Groups", "{FA2E32B8-EA5B-441D-B3BF-39FAB71F4123}"
EndProject
Project("{9A19103F-16F7-4668-BE54-9A1E7A4F7556}") = "Decidas.Groups.Web.IntegrationTests", "tests\Modules\Groups\Decidas.Groups.Web.IntegrationTests\Decidas.Groups.Web.IntegrationTests.csproj", "{C6366938-B2B2-4CE9-9A09-0DEB04322222}"
EndProject
Global
	GlobalSection(SolutionConfigurationPlatforms) = preSolution
		Debug|Any CPU = Debug|Any CPU
		Release|Any CPU = Release|Any CPU
	EndGlobalSection
	GlobalSection(ProjectConfigurationPlatforms) = postSolution
		{AE39AE15-7647-4C58-B97C-6CCE8E8A6DB5}.Debug|Any CPU.ActiveCfg = Debug|Any CPU
		{AE39AE15-7647-4C58-B97C-6CCE8E8A6DB5}.Debug|Any CPU.Build.0 = Debug|Any CPU
		{AE39AE15-7647-4C58-B97C-6CCE8E8A6DB5}.Release|Any CPU.ActiveCfg = Release|Any CPU
		{AE39AE15-7647-4C58-B97C-6CCE8E8A6DB5}.Release|Any CPU.Build.0 = Release|Any CPU
		{423942EC-FA62-46FD-A20A-A7375DAC1E3C}.Debug|Any CPU.ActiveCfg = Debug|Any CPU
		{423942EC-FA62-46FD-A20A-A7375DAC1E3C}.Debug|Any CPU.Build.0 = Debug|Any CPU
		{423942EC-FA62-46FD-A20A-A7375DAC1E3C}.Release|Any CPU.ActiveCfg = Release|Any CPU
		{423942EC-FA62-46FD-A20A-A7375DAC1E3C}.Release|Any CPU.Build.0 = Release|Any CPU
		{D97FA8C4-F271-4F61-829D-FA7E6E917307}.Debug|Any CPU.ActiveCfg = Debug|Any CPU
		{D97FA8C4-F271-4F61-829D-FA7E6E917307}.Debug|Any CPU.Build.0 = Debug|Any CPU
		{D97FA8C4-F271-4F61-829D-FA7E6E917307}.Release|Any CPU.ActiveCfg = Release|Any CPU
		{D97FA8C4-F271-4F61-829D-FA7E6E917307}.Release|Any CPU.Build.0 = Release|Any CPU
		{DD0DCB6E-E049-4B7A-AD36-12B6D3EFD4F1}.Debug|Any CPU.ActiveCfg = Debug|Any CPU
		{DD0DCB6E-E049-4B7A-AD36-12B6D3EFD4F1}.Debug|Any CPU.Build.0 = Debug|Any CPU
		{DD0DCB6E-E049-4B7A-AD36-12B6D3EFD4F1}.Release|Any CPU.ActiveCfg = Release|Any CPU
		{DD0DCB6E-E049-4B7A-AD36-12B6D3EFD4F1}.Release|Any CPU.Build.0 = Release|Any CPU
		{564C3C24-7339-469E-8876-FE7E00F022BD}.Debug|Any CPU.ActiveCfg = Debug|Any CPU
		{564C3C24-7339-469E-8876-FE7E00F022BD}.Debug|Any CPU.Build.0 = Debug|Any CPU
		{564C3C24-7339-469E-8876-FE7E00F022BD}.Release|Any CPU.ActiveCfg = Release|Any CPU
		{564C3C24-7339-469E-8876-FE7E00F022BD}.Release|Any CPU.Build.0 = Release|Any CPU
		{285AC0DE-8578-4D54-8C6C-D047EEC93B1C}.Debug|Any CPU.ActiveCfg = Debug|Any CPU
		{285AC0DE-8578-4D54-8C6C-D047EEC93B1C}.Debug|Any CPU.Build.0 = Debug|Any CPU
		{285AC0DE-8578-4D54-8C6C-D047EEC93B1C}.Release|Any CPU.ActiveCfg = Release|Any CPU
		{285AC0DE-8578-4D54-8C6C-D047EEC93B1C}.Release|Any CPU.Build.0 = Release|Any CPU
		{0D6B3DF6-3A72-46DD-9960-17C38F8B1EDC}.Debug|Any CPU.ActiveCfg = Debug|Any CPU
		{0D6B3DF6-3A72-46DD-9960-17C38F8B1EDC}.Debug|Any CPU.Build.0 = Debug|Any CPU
		{0D6B3DF6-3A72-46DD-9960-17C38F8B1EDC}.Release|Any CPU.ActiveCfg = Release|Any CPU
		{0D6B3DF6-3A72-46DD-9960-17C38F8B1EDC}.Release|Any CPU.Build.0 = Release|Any CPU
		{14F9328A-F570-436A-A008-5BC35E4C3ED7}.Debug|Any CPU.ActiveCfg = Debug|Any CPU
		{14F9328A-F570-436A-A008-5BC35E4C3ED7}.Debug|Any CPU.Build.0 = Debug|Any CPU
		{14F9328A-F570-436A-A008-5BC35E4C3ED7}.Release|Any CPU.ActiveCfg = Release|Any CPU
		{14F9328A-F570-436A-A008-5BC35E4C3ED7}.Release|Any CPU.Build.0 = Release|Any CPU
		{7227C720-9357-43CB-9AEF-E841380CFD05}.Debug|Any CPU.ActiveCfg = Debug|Any CPU
		{7227C720-9357-43CB-9AEF-E841380CFD05}.Debug|Any CPU.Build.0 = Debug|Any CPU
		{7227C720-9357-43CB-9AEF-E841380CFD05}.Release|Any CPU.ActiveCfg = Release|Any CPU
		{7227C720-9357-43CB-9AEF-E841380CFD05}.Release|Any CPU.Build.0 = Release|Any CPU
		{D9002A09-9DA7-426D-A3D0-93BF8B710C83}.Debug|Any CPU.ActiveCfg = Debug|Any CPU
		{D9002A09-9DA7-426D-A3D0-93BF8B710C83}.Debug|Any CPU.Build.0 = Debug|Any CPU
		{D9002A09-9DA7-426D-A3D0-93BF8B710C83}.Release|Any CPU.ActiveCfg = Release|Any CPU
		{D9002A09-9DA7-426D-A3D0-93BF8B710C83}.Release|Any CPU.Build.0 = Release|Any CPU
		{B49939B7-727C-4F84-BF1E-8B1458260462}.Debug|Any CPU.ActiveCfg = Debug|Any CPU
		{B49939B7-727C-4F84-BF1E-8B1458260462}.Debug|Any CPU.Build.0 = Debug|Any CPU
		{B49939B7-727C-4F84-BF1E-8B1458260462}.Release|Any CPU.ActiveCfg = Release|Any CPU
		{B49939B7-727C-4F84-BF1E-8B1458260462}.Release|Any CPU.Build.0 = Release|Any CPU
		{ACC8E40A-85B9-4256-A8D1-4AC5F81CED1C}.Debug|Any CPU.ActiveCfg = Debug|Any CPU
		{ACC8E40A-85B9-4256-A8D1-4AC5F81CED1C}.Debug|Any CPU.Build.0 = Debug|Any CPU
		{ACC8E40A-85B9-4256-A8D1-4AC5F81CED1C}.Release|Any CPU.ActiveCfg = Release|Any CPU
		{ACC8E40A-85B9-4256-A8D1-4AC5F81CED1C}.Release|Any CPU.Build.0 = Release|Any CPU
		{D2FD1948-76B5-45B7-816B-77660B34B748}.Debug|Any CPU.ActiveCfg = Debug|Any CPU
		{D2FD1948-76B5-45B7-816B-77660B34B748}.Debug|Any CPU.Build.0 = Debug|Any CPU
		{D2FD1948-76B5-45B7-816B-77660B34B748}.Release|Any CPU.ActiveCfg = Release|Any CPU
		{D2FD1948-76B5-45B7-816B-77660B34B748}.Release|Any CPU.Build.0 = Release|Any CPU
		{0088A9E9-A7C9-4E3A-B95C-60EBCA64974F}.Debug|Any CPU.ActiveCfg = Debug|Any CPU
		{0088A9E9-A7C9-4E3A-B95C-60EBCA64974F}.Debug|Any CPU.Build.0 = Debug|Any CPU
		{0088A9E9-A7C9-4E3A-B95C-60EBCA64974F}.Release|Any CPU.ActiveCfg = Release|Any CPU
		{0088A9E9-A7C9-4E3A-B95C-60EBCA64974F}.Release|Any CPU.Build.0 = Release|Any CPU
		{9E15EDA6-AD83-49AC-9400-534E86CE1E72}.Debug|Any CPU.ActiveCfg = Debug|Any CPU
		{9E15EDA6-AD83-49AC-9400-534E86CE1E72}.Debug|Any CPU.Build.0 = Debug|Any CPU
		{9E15EDA6-AD83-49AC-9400-534E86CE1E72}.Release|Any CPU.ActiveCfg = Release|Any CPU
		{9E15EDA6-AD83-49AC-9400-534E86CE1E72}.Release|Any CPU.Build.0 = Release|Any CPU
		{C6366938-B2B2-4CE9-9A09-0DEB04322222}.Debug|Any CPU.ActiveCfg = Debug|Any CPU
		{C6366938-B2B2-4CE9-9A09-0DEB04322222}.Debug|Any CPU.Build.0 = Debug|Any CPU
		{C6366938-B2B2-4CE9-9A09-0DEB04322222}.Release|Any CPU.ActiveCfg = Release|Any CPU
		{C6366938-B2B2-4CE9-9A09-0DEB04322222}.Release|Any CPU.Build.0 = Release|Any CPU
	EndGlobalSection
	GlobalSection(SolutionProperties) = preSolution
		HideSolutionNode = FALSE
	EndGlobalSection
	GlobalSection(NestedProjects) = preSolution
		{417EA5FB-F640-4DC6-AE5F-D9DE598DE3BC} = {F169A94F-3E7D-4D27-AD2A-53AE9F65F4A2}
		{AE39AE15-7647-4C58-B97C-6CCE8E8A6DB5} = {417EA5FB-F640-4DC6-AE5F-D9DE598DE3BC}
		{423942EC-FA62-46FD-A20A-A7375DAC1E3C} = {417EA5FB-F640-4DC6-AE5F-D9DE598DE3BC}
		{D97FA8C4-F271-4F61-829D-FA7E6E917307} = {417EA5FB-F640-4DC6-AE5F-D9DE598DE3BC}
		{DD0DCB6E-E049-4B7A-AD36-12B6D3EFD4F1} = {417EA5FB-F640-4DC6-AE5F-D9DE598DE3BC}
		{D6E3D1E2-1662-4075-B91D-610A06C979F4} = {F169A94F-3E7D-4D27-AD2A-53AE9F65F4A2}
		{564C3C24-7339-469E-8876-FE7E00F022BD} = {D6E3D1E2-1662-4075-B91D-610A06C979F4}
		{285AC0DE-8578-4D54-8C6C-D047EEC93B1C} = {D6E3D1E2-1662-4075-B91D-610A06C979F4}
		{0D6B3DF6-3A72-46DD-9960-17C38F8B1EDC} = {D6E3D1E2-1662-4075-B91D-610A06C979F4}
		{1BB057A1-A7A6-4772-A0E2-B13C8F1FB739} = {ED594647-EC0D-4271-AFB5-7B61E361A37D}
		{14F9328A-F570-436A-A008-5BC35E4C3ED7} = {1BB057A1-A7A6-4772-A0E2-B13C8F1FB739}
		{BC20ABA8-3901-414C-999B-38337D481EAA} = {ED594647-EC0D-4271-AFB5-7B61E361A37D}
		{7227C720-9357-43CB-9AEF-E841380CFD05} = {BC20ABA8-3901-414C-999B-38337D481EAA}
		{A0022DF2-200C-40AC-8BE0-6CB705884FB9} = {F169A94F-3E7D-4D27-AD2A-53AE9F65F4A2}
		{D84D76B6-F416-44F8-849B-7747FAEEEDC3} = {A0022DF2-200C-40AC-8BE0-6CB705884FB9}
		{D9002A09-9DA7-426D-A3D0-93BF8B710C83} = {D84D76B6-F416-44F8-849B-7747FAEEEDC3}
		{B49939B7-727C-4F84-BF1E-8B1458260462} = {D84D76B6-F416-44F8-849B-7747FAEEEDC3}
		{ACC8E40A-85B9-4256-A8D1-4AC5F81CED1C} = {D84D76B6-F416-44F8-849B-7747FAEEEDC3}
		{D2FD1948-76B5-45B7-816B-77660B34B748} = {D84D76B6-F416-44F8-849B-7747FAEEEDC3}
		{0088A9E9-A7C9-4E3A-B95C-60EBCA64974F} = {D84D76B6-F416-44F8-849B-7747FAEEEDC3}
		{9E15EDA6-AD83-49AC-9400-534E86CE1E72} = {D84D76B6-F416-44F8-849B-7747FAEEEDC3}
		{9777972F-84BB-43EB-AF99-489AB00F82B8} = {ED594647-EC0D-4271-AFB5-7B61E361A37D}
		{FA2E32B8-EA5B-441D-B3BF-39FAB71F4123} = {9777972F-84BB-43EB-AF99-489AB00F82B8}
		{C6366938-B2B2-4CE9-9A09-0DEB04322222} = {FA2E32B8-EA5B-441D-B3BF-39FAB71F4123}
	EndGlobalSection
	GlobalSection(ExtensibilityGlobals) = postSolution
		SolutionGuid = {31159922-1AE6-4C94-9A95-922B60F8FFCF}
	EndGlobalSection
EndGlobal
